
Microsoft Visual Studio Solution File, Format Version 12.00
# Visual Studio Version 17
VisualStudioVersion = 17.4.33122.133
MinimumVisualStudioVersion = 10.0.40219.1
Project("{9A19103F-16F7-4668-BE54-9A1E7A4F7556}") = "Blazor Poker Nights", "Blazor Poker Nights\Blazor Poker Nights.csproj", "{485BDAF3-9A55-4083-AA99-FB5448C93724}"
EndProject
Global
	GlobalSection(SolutionConfigurationPlatforms) = preSolution
		Debug|Any CPU = Debug|Any CPU
		Release|Any CPU = Release|Any CPU
	EndGlobalSection
	GlobalSection(ProjectConfigurationPlatforms) = postSolution
		{485BDAF3-9A55-4083-AA99-FB5448C93724}.Debug|Any CPU.ActiveCfg = Debug|Any CPU
		{485BDAF3-9A55-4083-AA99-FB5448C93724}.Debug|Any CPU.Build.0 = Debug|Any CPU
		{485BDAF3-9A55-4083-AA99-FB5448C93724}.Release|Any CPU.ActiveCfg = Release|Any CPU
		{485BDAF3-9A55-4083-AA99-FB5448C93724}.Release|Any CPU.Build.0 = Release|Any CPU
	EndGlobalSection
	GlobalSection(SolutionProperties) = preSolution
		HideSolutionNode = FALSE
	EndGlobalSection
	GlobalSection(ExtensibilityGlobals) = postSolution
		SolutionGuid = {6FE31C08-04D8-48A7-A673-E742FEFF057A}
	EndGlobalSection
EndGlobal
